{
  "name": "sqlite_node",
  "version": "1.0.0",
  "lockfileVersion": 1,
  "requires": true,
  "dependencies": {
    "commander": {
      "version": "2.20.0",
      "resolved": "http://registry.npm.taobao.org/commander/download/commander-2.20.0.tgz",
      "integrity": "sha1-1YuytcHuj4ew00ACfp6U4iLFpCI="
    },
    "minimist": {
      "version": "0.0.8",
      "resolved": "http://registry.npm.taobao.org/minimist/download/minimist-0.0.8.tgz",
      "integrity": "sha1-hX/Kv8M5fSYluCKCYuhqp6ARsF0="
    },
    "mkdirp": {
      "version": "0.5.1",
      "resolved": "http://registry.npm.taobao.org/mkdirp/download/mkdirp-0.5.1.tgz",
      "integrity": "sha1-MAV0OOrGz3+MR2fzhkjWaX11yQM=",
      "requires": {
        "minimist": "0.0.8"
      }
    },
    "sqlite-json-export": {
      "version": "0.1.0",
      "resolved": "http://registry.npm.taobao.org/sqlite-json-export/download/sqlite-json-export-0.1.0.tgz",
      "integrity": "sha1-/EHF+wepNIqGMMRIkl7lYIJnKOo=",
      "requires": {
        "commander": "^2.16.0",
        "mkdirp": "^0.5.1"
      }
    }
  }
}
